// !$*UTF8*$!
{
	archiveVersion = 1;
	classes = {
	};
	objectVersion = 46;
	objects = {

/* Begin PBXBuildFile section */
		292A74C99D2CD9708A0C5838 /* Pods_TDMediaPicker_Example.framework in Frameworks */ = {isa = PBXBuildFile; fileRef = 81587B4AFAB08EB1720CA335 /* Pods_TDMediaPicker_Example.framework */; };
		2BCE0D49DECB05DE54543530 /* Pods_TDMediaPicker_Tests.framework in Frameworks */ = {isa = PBXBuildFile; fileRef = 4FF5E54C0ECFA87E84BB52E4 /* Pods_TDMediaPicker_Tests.framework */; };
		607FACD61AFB9204008FA782 /* AppDelegate.swift in Sources */ = {isa = PBXBuildFile; fileRef = 607FACD51AFB9204008FA782 /* AppDelegate.swift */; };
		607FACD81AFB9204008FA782 /* ViewController.swift in Sources */ = {isa = PBXBuildFile; fileRef = 607FACD71AFB9204008FA782 /* ViewController.swift */; };
		607FACDB1AFB9204008FA782 /* Main.storyboard in Resources */ = {isa = PBXBuildFile; fileRef = 607FACD91AFB9204008FA782 /* Main.storyboard */; };
		607FACDD1AFB9204008FA782 /* Images.xcassets in Resources */ = {isa = PBXBuildFile; fileRef = 607FACDC1AFB9204008FA782 /* Images.xcassets */; };
		607FACE01AFB9204008FA782 /* LaunchScreen.xib in Resources */ = {isa = PBXBuildFile; fileRef = 607FACDE1AFB9204008FA782 /* LaunchScreen.xib */; };
		607FACEC1AFB9204008FA782 /* Tests.swift in Sources */ = {isa = PBXBuildFile; fileRef = 607FACEB1AFB9204008FA782 /* Tests.swift */; };
		B77AF07A1F343D55002983BF /* Pods_TDMediaPicker_Tests.framework in Frameworks */ = {isa = PBXBuildFile; fileRef = 4FF5E54C0ECFA87E84BB52E4 /* Pods_TDMediaPicker_Tests.framework */; };
		B77AF07C1F343D55002983BF /* TDMediaPicker.framework in Frameworks */ = {isa = PBXBuildFile; fileRef = B77AF07B1F343D55002983BF /* TDMediaPicker.framework */; };
		CA7A47701F4C13AD00948ED4 /* Assets.xcassets in Resources */ = {isa = PBXBuildFile; fileRef = CA7A476F1F4C13AD00948ED4 /* Assets.xcassets */; };
		CAED5EAC1F5D20BE007A25ED /* ViewController+TableViewDatasource.swift in Sources */ = {isa = PBXBuildFile; fileRef = CAED5EAB1F5D20BE007A25ED /* ViewController+TableViewDatasource.swift */; };
		CAED5EAE1F5D238B007A25ED /* ViewController+TableViewDelegate.swift in Sources */ = {isa = PBXBuildFile; fileRef = CAED5EAD1F5D238B007A25ED /* ViewController+TableViewDelegate.swift */; };
		CAED5EB01F5D2F3C007A25ED /* ViewController+MediaPickerDataSource.swift in Sources */ = {isa = PBXBuildFile; fileRef = CAED5EAF1F5D2F3C007A25ED /* ViewController+MediaPickerDataSource.swift */; };
		CAED5EB21F5D2F50007A25ED /* ViewController+MediaPickerDelegate.swift in Sources */ = {isa = PBXBuildFile; fileRef = CAED5EB11F5D2F50007A25ED /* ViewController+MediaPickerDelegate.swift */; };
		CAED5EB51F5D374E007A25ED /* Theme1.swift in Sources */ = {isa = PBXBuildFile; fileRef = CAED5EB41F5D374E007A25ED /* Theme1.swift */; };
		CAED5EB71F5D3758007A25ED /* Theme2.swift in Sources */ = {isa = PBXBuildFile; fileRef = CAED5EB61F5D3758007A25ED /* Theme2.swift */; };
		CAED5EB91F5D3B3E007A25ED /* ThemeConfig.swift in Sources */ = {isa = PBXBuildFile; fileRef = CAED5EB81F5D3B3E007A25ED /* ThemeConfig.swift */; };
		CAED5EBB1F5D3E3A007A25ED /* Theme3.swift in Sources */ = {isa = PBXBuildFile; fileRef = CAED5EBA1F5D3E3A007A25ED /* Theme3.swift */; };
		CAED5EBD1F5D3E48007A25ED /* Theme4.swift in Sources */ = {isa = PBXBuildFile; fileRef = CAED5EBC1F5D3E48007A25ED /* Theme4.swift */; };
		CAED5EBF1F5D3E50007A25ED /* Theme5.swift in Sources */ = {isa = PBXBuildFile; fileRef = CAED5EBE1F5D3E50007A25ED /* Theme5.swift */; };
		CAED5EC11F5D3E58007A25ED /* Theme6.swift in Sources */ = {isa = PBXBuildFile; fileRef = CAED5EC01F5D3E58007A25ED /* Theme6.swift */; };
		CAED5EC31F5D3E5F007A25ED /* Theme7.swift in Sources */ = {isa = PBXBuildFile; fileRef = CAED5EC21F5D3E5F007A25ED /* Theme7.swift */; };
/* End PBXBuildFile section */

/* Begin PBXContainerItemProxy section */
		607FACE61AFB9204008FA782 /* PBXContainerItemProxy */ = {
			isa = PBXContainerItemProxy;
			containerPortal = 607FACC81AFB9204008FA782 /* Project object */;
			proxyType = 1;
			remoteGlobalIDString = 607FACCF1AFB9204008FA782;
			remoteInfo = TDMediaPicker;
		};
/* End PBXContainerItemProxy section */

/* Begin PBXFileReference section */
		1C7DF7B5C53E90A0CE7E8AA5 /* README.md */ = {isa = PBXFileReference; includeInIndex = 1; lastKnownFileType = net.daringfireball.markdown; name = README.md; path = ../README.md; sourceTree = "<group>"; };
		205EE7E5F582DDCFFD5D37F7 /* Pods-TDMediaPicker_Example.debug.xcconfig */ = {isa = PBXFileReference; includeInIndex = 1; lastKnownFileType = text.xcconfig; name = "Pods-TDMediaPicker_Example.debug.xcconfig"; path = "Pods/Target Support Files/Pods-TDMediaPicker_Example/Pods-TDMediaPicker_Example.debug.xcconfig"; sourceTree = "<group>"; };
		4FF5E54C0ECFA87E84BB52E4 /* Pods_TDMediaPicker_Tests.framework */ = {isa = PBXFileReference; explicitFileType = wrapper.framework; includeInIndex = 0; path = Pods_TDMediaPicker_Tests.framework; sourceTree = BUILT_PRODUCTS_DIR; };
		607FACD01AFB9204008FA782 /* TDMediaPicker_Example.app */ = {isa = PBXFileReference; explicitFileType = wrapper.application; includeInIndex = 0; path = TDMediaPicker_Example.app; sourceTree = BUILT_PRODUCTS_DIR; };
		607FACD41AFB9204008FA782 /* Info.plist */ = {isa = PBXFileReference; lastKnownFileType = text.plist.xml; path = Info.plist; sourceTree = "<group>"; };
		607FACD51AFB9204008FA782 /* AppDelegate.swift */ = {isa = PBXFileReference; lastKnownFileType = sourcecode.swift; path = AppDelegate.swift; sourceTree = "<group>"; };
		607FACD71AFB9204008FA782 /* ViewController.swift */ = {isa = PBXFileReference; lastKnownFileType = sourcecode.swift; path = ViewController.swift; sourceTree = "<group>"; };
		607FACDA1AFB9204008FA782 /* Base */ = {isa = PBXFileReference; lastKnownFileType = file.storyboard; name = Base; path = Base.lproj/Main.storyboard; sourceTree = "<group>"; };
		607FACDC1AFB9204008FA782 /* Images.xcassets */ = {isa = PBXFileReference; lastKnownFileType = folder.assetcatalog; path = Images.xcassets; sourceTree = "<group>"; };
		607FACDF1AFB9204008FA782 /* Base */ = {isa = PBXFileReference; lastKnownFileType = file.xib; name = Base; path = Base.lproj/LaunchScreen.xib; sourceTree = "<group>"; };
		607FACE51AFB9204008FA782 /* TDMediaPicker_Tests.xctest */ = {isa = PBXFileReference; explicitFileType = wrapper.cfbundle; includeInIndex = 0; path = TDMediaPicker_Tests.xctest; sourceTree = BUILT_PRODUCTS_DIR; };
		607FACEA1AFB9204008FA782 /* Info.plist */ = {isa = PBXFileReference; lastKnownFileType = text.plist.xml; path = Info.plist; sourceTree = "<group>"; };
		607FACEB1AFB9204008FA782 /* Tests.swift */ = {isa = PBXFileReference; lastKnownFileType = sourcecode.swift; path = Tests.swift; sourceTree = "<group>"; };
		6E369DA97C8AE7C5D4B6FCEC /* Pods-TDMediaPicker_Example.release.xcconfig */ = {isa = PBXFileReference; includeInIndex = 1; lastKnownFileType = text.xcconfig; name = "Pods-TDMediaPicker_Example.release.xcconfig"; path = "Pods/Target Support Files/Pods-TDMediaPicker_Example/Pods-TDMediaPicker_Example.release.xcconfig"; sourceTree = "<group>"; };
		81587B4AFAB08EB1720CA335 /* Pods_TDMediaPicker_Example.framework */ = {isa = PBXFileReference; explicitFileType = wrapper.framework; includeInIndex = 0; path = Pods_TDMediaPicker_Example.framework; sourceTree = BUILT_PRODUCTS_DIR; };
		A631B15BFD09830AA7D7173A /* LICENSE */ = {isa = PBXFileReference; includeInIndex = 1; lastKnownFileType = text; name = LICENSE; path = ../LICENSE; sourceTree = "<group>"; };
		B77AF07B1F343D55002983BF /* TDMediaPicker.framework */ = {isa = PBXFileReference; lastKnownFileType = wrapper.framework; name = TDMediaPicker.framework; path = "../../../../Library/Developer/Xcode/DerivedData/TDMediaPicker-drsslcvwrcbyrgaugihzoqkrthkz/Build/Products/Debug-iphoneos/TDMediaPicker/TDMediaPicker.framework"; sourceTree = "<group>"; };
		CA7A476F1F4C13AD00948ED4 /* Assets.xcassets */ = {isa = PBXFileReference; lastKnownFileType = folder.assetcatalog; path = Assets.xcassets; sourceTree = "<group>"; };
		CAED5EAB1F5D20BE007A25ED /* ViewController+TableViewDatasource.swift */ = {isa = PBXFileReference; fileEncoding = 4; lastKnownFileType = sourcecode.swift; path = "ViewController+TableViewDatasource.swift"; sourceTree = "<group>"; };
		CAED5EAD1F5D238B007A25ED /* ViewController+TableViewDelegate.swift */ = {isa = PBXFileReference; fileEncoding = 4; lastKnownFileType = sourcecode.swift; path = "ViewController+TableViewDelegate.swift"; sourceTree = "<group>"; };
		CAED5EAF1F5D2F3C007A25ED /* ViewController+MediaPickerDataSource.swift */ = {isa = PBXFileReference; fileEncoding = 4; lastKnownFileType = sourcecode.swift; path = "ViewController+MediaPickerDataSource.swift"; sourceTree = "<group>"; };
		CAED5EB11F5D2F50007A25ED /* ViewController+MediaPickerDelegate.swift */ = {isa = PBXFileReference; fileEncoding = 4; lastKnownFileType = sourcecode.swift; path = "ViewController+MediaPickerDelegate.swift"; sourceTree = "<group>"; };
		CAED5EB41F5D374E007A25ED /* Theme1.swift */ = {isa = PBXFileReference; fileEncoding = 4; lastKnownFileType = sourcecode.swift; path = Theme1.swift; sourceTree = "<group>"; };
		CAED5EB61F5D3758007A25ED /* Theme2.swift */ = {isa = PBXFileReference; fileEncoding = 4; lastKnownFileType = sourcecode.swift; path = Theme2.swift; sourceTree = "<group>"; };
		CAED5EB81F5D3B3E007A25ED /* ThemeConfig.swift */ = {isa = PBXFileReference; fileEncoding = 4; lastKnownFileType = sourcecode.swift; path = ThemeConfig.swift; sourceTree = "<group>"; };
		CAED5EBA1F5D3E3A007A25ED /* Theme3.swift */ = {isa = PBXFileReference; fileEncoding = 4; lastKnownFileType = sourcecode.swift; path = Theme3.swift; sourceTree = "<group>"; };
		CAED5EBC1F5D3E48007A25ED /* Theme4.swift */ = {isa = PBXFileReference; fileEncoding = 4; lastKnownFileType = sourcecode.swift; path = Theme4.swift; sourceTree = "<group>"; };
		CAED5EBE1F5D3E50007A25ED /* Theme5.swift */ = {isa = PBXFileReference; fileEncoding = 4; lastKnownFileType = sourcecode.swift; path = Theme5.swift; sourceTree = "<group>"; };
		CAED5EC01F5D3E58007A25ED /* Theme6.swift */ = {isa = PBXFileReference; fileEncoding = 4; lastKnownFileType = sourcecode.swift; path = Theme6.swift; sourceTree = "<group>"; };
		CAED5EC21F5D3E5F007A25ED /* Theme7.swift */ = {isa = PBXFileReference; fileEncoding = 4; lastKnownFileType = sourcecode.swift; path = Theme7.swift; sourceTree = "<group>"; };
		CB824E5911EBD6C1C26F19EF /* Pods-TDMediaPicker_Tests.release.xcconfig */ = {isa = PBXFileReference; includeInIndex = 1; lastKnownFileType = text.xcconfig; name = "Pods-TDMediaPicker_Tests.release.xcconfig"; path = "Pods/Target Support Files/Pods-TDMediaPicker_Tests/Pods-TDMediaPicker_Tests.release.xcconfig"; sourceTree = "<group>"; };
		DA791F76A2287FFA5B4C422D /* TDMediaPicker.podspec */ = {isa = PBXFileReference; includeInIndex = 1; lastKnownFileType = text; name = TDMediaPicker.podspec; path = ../TDMediaPicker.podspec; sourceTree = "<group>"; };
		F9BDA805B17937E89504880D /* Pods-TDMediaPicker_Tests.debug.xcconfig */ = {isa = PBXFileReference; includeInIndex = 1; lastKnownFileType = text.xcconfig; name = "Pods-TDMediaPicker_Tests.debug.xcconfig"; path = "Pods/Target Support Files/Pods-TDMediaPicker_Tests/Pods-TDMediaPicker_Tests.debug.xcconfig"; sourceTree = "<group>"; };
/* End PBXFileReference section */

/* Begin PBXFrameworksBuildPhase section */
		607FACCD1AFB9204008FA782 /* Frameworks */ = {
			isa = PBXFrameworksBuildPhase;
			buildActionMask = 2147483647;
			files = (
				B77AF07C1F343D55002983BF /* TDMediaPicker.framework in Frameworks */,
				B77AF07A1F343D55002983BF /* Pods_TDMediaPicker_Tests.framework in Frameworks */,
				292A74C99D2CD9708A0C5838 /* Pods_TDMediaPicker_Example.framework in Frameworks */,
			);
			runOnlyForDeploymentPostprocessing = 0;
		};
		607FACE21AFB9204008FA782 /* Frameworks */ = {
			isa = PBXFrameworksBuildPhase;
			buildActionMask = 2147483647;
			files = (
				2BCE0D49DECB05DE54543530 /* Pods_TDMediaPicker_Tests.framework in Frameworks */,
			);
			runOnlyForDeploymentPostprocessing = 0;
		};
/* End PBXFrameworksBuildPhase section */

/* Begin PBXGroup section */
		607FACC71AFB9204008FA782 = {
			isa = PBXGroup;
			children = (
				607FACF51AFB993E008FA782 /* Podspec Metadata */,
				607FACD21AFB9204008FA782 /* Example for TDMediaPicker */,
				607FACE81AFB9204008FA782 /* Tests */,
				607FACD11AFB9204008FA782 /* Products */,
				F77C0DF932604993A4158BD2 /* Pods */,
				7C7360E936C2757C099B2639 /* Frameworks */,
			);
			sourceTree = "<group>";
		};
		607FACD11AFB9204008FA782 /* Products */ = {
			isa = PBXGroup;
			children = (
				607FACD01AFB9204008FA782 /* TDMediaPicker_Example.app */,
				607FACE51AFB9204008FA782 /* TDMediaPicker_Tests.xctest */,
			);
			name = Products;
			sourceTree = "<group>";
		};
		607FACD21AFB9204008FA782 /* Example for TDMediaPicker */ = {
			isa = PBXGroup;
			children = (
				607FACD51AFB9204008FA782 /* AppDelegate.swift */,
				607FACD71AFB9204008FA782 /* ViewController.swift */,
				CAED5EAB1F5D20BE007A25ED /* ViewController+TableViewDatasource.swift */,
				CAED5EAD1F5D238B007A25ED /* ViewController+TableViewDelegate.swift */,
				CAED5EAF1F5D2F3C007A25ED /* ViewController+MediaPickerDataSource.swift */,
				CAED5EB11F5D2F50007A25ED /* ViewController+MediaPickerDelegate.swift */,
				CAED5EB31F5D3735007A25ED /* Themes */,
				607FACD91AFB9204008FA782 /* Main.storyboard */,
				607FACDC1AFB9204008FA782 /* Images.xcassets */,
				607FACDE1AFB9204008FA782 /* LaunchScreen.xib */,
				607FACD31AFB9204008FA782 /* Supporting Files */,
				CA7A476F1F4C13AD00948ED4 /* Assets.xcassets */,
			);
			name = "Example for TDMediaPicker";
			path = TDMediaPicker;
			sourceTree = "<group>";
		};
		607FACD31AFB9204008FA782 /* Supporting Files */ = {
			isa = PBXGroup;
			children = (
				607FACD41AFB9204008FA782 /* Info.plist */,
			);
			name = "Supporting Files";
			sourceTree = "<group>";
		};
		607FACE81AFB9204008FA782 /* Tests */ = {
			isa = PBXGroup;
			children = (
				607FACEB1AFB9204008FA782 /* Tests.swift */,
				607FACE91AFB9204008FA782 /* Supporting Files */,
			);
			path = Tests;
			sourceTree = "<group>";
		};
		607FACE91AFB9204008FA782 /* Supporting Files */ = {
			isa = PBXGroup;
			children = (
				607FACEA1AFB9204008FA782 /* Info.plist */,
			);
			name = "Supporting Files";
			sourceTree = "<group>";
		};
		607FACF51AFB993E008FA782 /* Podspec Metadata */ = {
			isa = PBXGroup;
			children = (
				DA791F76A2287FFA5B4C422D /* TDMediaPicker.podspec */,
				1C7DF7B5C53E90A0CE7E8AA5 /* README.md */,
				A631B15BFD09830AA7D7173A /* LICENSE */,
			);
			name = "Podspec Metadata";
			sourceTree = "<group>";
		};
		7C7360E936C2757C099B2639 /* Frameworks */ = {
			isa = PBXGroup;
			children = (
				B77AF07B1F343D55002983BF /* TDMediaPicker.framework */,
				81587B4AFAB08EB1720CA335 /* Pods_TDMediaPicker_Example.framework */,
				4FF5E54C0ECFA87E84BB52E4 /* Pods_TDMediaPicker_Tests.framework */,
			);
			name = Frameworks;
			sourceTree = "<group>";
		};
		CAED5EB31F5D3735007A25ED /* Themes */ = {
			isa = PBXGroup;
			children = (
				CAED5EB81F5D3B3E007A25ED /* ThemeConfig.swift */,
				CAED5EB41F5D374E007A25ED /* Theme1.swift */,
				CAED5EB61F5D3758007A25ED /* Theme2.swift */,
				CAED5EBA1F5D3E3A007A25ED /* Theme3.swift */,
				CAED5EBC1F5D3E48007A25ED /* Theme4.swift */,
				CAED5EBE1F5D3E50007A25ED /* Theme5.swift */,
				CAED5EC01F5D3E58007A25ED /* Theme6.swift */,
				CAED5EC21F5D3E5F007A25ED /* Theme7.swift */,
			);
			path = Themes;
			sourceTree = "<group>";
		};
		F77C0DF932604993A4158BD2 /* Pods */ = {
			isa = PBXGroup;
			children = (
				205EE7E5F582DDCFFD5D37F7 /* Pods-TDMediaPicker_Example.debug.xcconfig */,
				6E369DA97C8AE7C5D4B6FCEC /* Pods-TDMediaPicker_Example.release.xcconfig */,
				F9BDA805B17937E89504880D /* Pods-TDMediaPicker_Tests.debug.xcconfig */,
				CB824E5911EBD6C1C26F19EF /* Pods-TDMediaPicker_Tests.release.xcconfig */,
			);
			name = Pods;
			sourceTree = "<group>";
		};
/* End PBXGroup section */

/* Begin PBXNativeTarget section */
		607FACCF1AFB9204008FA782 /* TDMediaPicker_Example */ = {
			isa = PBXNativeTarget;
			buildConfigurationList = 607FACEF1AFB9204008FA782 /* Build configuration list for PBXNativeTarget "TDMediaPicker_Example" */;
			buildPhases = (
				97C33D1847F3D933AECAEE85 /* [CP] Check Pods Manifest.lock */,
				607FACCC1AFB9204008FA782 /* Sources */,
				607FACCD1AFB9204008FA782 /* Frameworks */,
				607FACCE1AFB9204008FA782 /* Resources */,
				CF0BF471C9FC44639B6DA579 /* [CP] Embed Pods Frameworks */,
				FAD8BC904D8DB8513D6B5E8D /* [CP] Copy Pods Resources */,
			);
			buildRules = (
			);
			dependencies = (
			);
			name = TDMediaPicker_Example;
			productName = TDMediaPicker;
			productReference = 607FACD01AFB9204008FA782 /* TDMediaPicker_Example.app */;
			productType = "com.apple.product-type.application";
		};
		607FACE41AFB9204008FA782 /* TDMediaPicker_Tests */ = {
			isa = PBXNativeTarget;
			buildConfigurationList = 607FACF21AFB9204008FA782 /* Build configuration list for PBXNativeTarget "TDMediaPicker_Tests" */;
			buildPhases = (
				EAACD6B83D3E45813D82EA39 /* [CP] Check Pods Manifest.lock */,
				607FACE11AFB9204008FA782 /* Sources */,
				607FACE21AFB9204008FA782 /* Frameworks */,
				607FACE31AFB9204008FA782 /* Resources */,
				F62FBEA58EB652657084D9BA /* [CP] Embed Pods Frameworks */,
				B3368E8CCA4D210A3026C726 /* [CP] Copy Pods Resources */,
			);
			buildRules = (
			);
			dependencies = (
				607FACE71AFB9204008FA782 /* PBXTargetDependency */,
			);
			name = TDMediaPicker_Tests;
			productName = Tests;
			productReference = 607FACE51AFB9204008FA782 /* TDMediaPicker_Tests.xctest */;
			productType = "com.apple.product-type.bundle.unit-test";
		};
/* End PBXNativeTarget section */

/* Begin PBXProject section */
		607FACC81AFB9204008FA782 /* Project object */ = {
			isa = PBXProject;
			attributes = {
				LastSwiftUpdateCheck = 0720;
				LastUpgradeCheck = 0820;
				ORGANIZATIONNAME = CocoaPods;
				TargetAttributes = {
					607FACCF1AFB9204008FA782 = {
						CreatedOnToolsVersion = 6.3.1;
						DevelopmentTeam = 2Z4FV37775;
						LastSwiftMigration = 0820;
						ProvisioningStyle = Automatic;
					};
					607FACE41AFB9204008FA782 = {
						CreatedOnToolsVersion = 6.3.1;
						DevelopmentTeam = 2Z4FV37775;
						LastSwiftMigration = 0820;
						TestTargetID = 607FACCF1AFB9204008FA782;
					};
				};
			};
			buildConfigurationList = 607FACCB1AFB9204008FA782 /* Build configuration list for PBXProject "TDMediaPicker" */;
			compatibilityVersion = "Xcode 3.2";
			developmentRegion = English;
			hasScannedForEncodings = 0;
			knownRegions = (
				en,
				Base,
			);
			mainGroup = 607FACC71AFB9204008FA782;
			productRefGroup = 607FACD11AFB9204008FA782 /* Products */;
			projectDirPath = "";
			projectRoot = "";
			targets = (
				607FACCF1AFB9204008FA782 /* TDMediaPicker_Example */,
				607FACE41AFB9204008FA782 /* TDMediaPicker_Tests */,
			);
		};
/* End PBXProject section */

/* Begin PBXResourcesBuildPhase section */
		607FACCE1AFB9204008FA782 /* Resources */ = {
			isa = PBXResourcesBuildPhase;
			buildActionMask = 2147483647;
			files = (
				607FACDB1AFB9204008FA782 /* Main.storyboard in Resources */,
				607FACE01AFB9204008FA782 /* LaunchScreen.xib in Resources */,
				CA7A47701F4C13AD00948ED4 /* Assets.xcassets in Resources */,
				607FACDD1AFB9204008FA782 /* Images.xcassets in Resources */,
			);
			runOnlyForDeploymentPostprocessing = 0;
		};
		607FACE31AFB9204008FA782 /* Resources */ = {
			isa = PBXResourcesBuildPhase;
			buildActionMask = 2147483647;
			files = (
			);
			runOnlyForDeploymentPostprocessing = 0;
		};
/* End PBXResourcesBuildPhase section */

/* Begin PBXShellScriptBuildPhase section */
		97C33D1847F3D933AECAEE85 /* [CP] Check Pods Manifest.lock */ = {
			isa = PBXShellScriptBuildPhase;
			buildActionMask = 2147483647;
			files = (
			);
			inputPaths = (
			);
			name = "[CP] Check Pods Manifest.lock";
			outputPaths = (
			);
			runOnlyForDeploymentPostprocessing = 0;
			shellPath = /bin/sh;
			shellScript = "diff \"${PODS_PODFILE_DIR_PATH}/Podfile.lock\" \"${PODS_ROOT}/Manifest.lock\" > /dev/null\nif [ $? != 0 ] ; then\n    # print error to STDERR\n    echo \"error: The sandbox is not in sync with the Podfile.lock. Run 'pod install' or update your CocoaPods installation.\" >&2\n    exit 1\nfi\n";
			showEnvVarsInLog = 0;
		};
		B3368E8CCA4D210A3026C726 /* [CP] Copy Pods Resources */ = {
			isa = PBXShellScriptBuildPhase;
			buildActionMask = 2147483647;
			files = (
			);
			inputPaths = (
			);
			name = "[CP] Copy Pods Resources";
			outputPaths = (
			);
			runOnlyForDeploymentPostprocessing = 0;
			shellPath = /bin/sh;
			shellScript = "\"${SRCROOT}/Pods/Target Support Files/Pods-TDMediaPicker_Tests/Pods-TDMediaPicker_Tests-resources.sh\"\n";
			showEnvVarsInLog = 0;
		};
		CF0BF471C9FC44639B6DA579 /* [CP] Embed Pods Frameworks */ = {
			isa = PBXShellScriptBuildPhase;
			buildActionMask = 2147483647;
			files = (
			);
			inputPaths = (
			);
			name = "[CP] Embed Pods Frameworks";
			outputPaths = (
			);
			runOnlyForDeploymentPostprocessing = 0;
			shellPath = /bin/sh;
			shellScript = "\"${SRCROOT}/Pods/Target Support Files/Pods-TDMediaPicker_Example/Pods-TDMediaPicker_Example-frameworks.sh\"\n";
			showEnvVarsInLog = 0;
		};
		EAACD6B83D3E45813D82EA39 /* [CP] Check Pods Manifest.lock */ = {
			isa = PBXShellScriptBuildPhase;
			buildActionMask = 2147483647;
			files = (
			);
			inputPaths = (
			);
			name = "[CP] Check Pods Manifest.lock";
			outputPaths = (
			);
			runOnlyForDeploymentPostprocessing = 0;
			shellPath = /bin/sh;
			shellScript = "diff \"${PODS_PODFILE_DIR_PATH}/Podfile.lock\" \"${PODS_ROOT}/Manifest.lock\" > /dev/null\nif [ $? != 0 ] ; then\n    # print error to STDERR\n    echo \"error: The sandbox is not in sync with the Podfile.lock. Run 'pod install' or update your CocoaPods installation.\" >&2\n    exit 1\nfi\n";
			showEnvVarsInLog = 0;
		};
		F62FBEA58EB652657084D9BA /* [CP] Embed Pods Frameworks */ = {
			isa = PBXShellScriptBuildPhase;
			buildActionMask = 2147483647;
			files = (
			);
			inputPaths = (
			);
			name = "[CP] Embed Pods Frameworks";
			outputPaths = (
			);
			runOnlyForDeploymentPostprocessing = 0;
			shellPath = /bin/sh;
			shellScript = "\"${SRCROOT}/Pods/Target Support Files/Pods-TDMediaPicker_Tests/Pods-TDMediaPicker_Tests-frameworks.sh\"\n";
			showEnvVarsInLog = 0;
		};
		FAD8BC904D8DB8513D6B5E8D /* [CP] Copy Pods Resources */ = {
			isa = PBXShellScriptBuildPhase;
			buildActionMask = 2147483647;
			files = (
			);
			inputPaths = (
			);
			name = "[CP] Copy Pods Resources";
			outputPaths = (
			);
			runOnlyForDeploymentPostprocessing = 0;
			shellPath = /bin/sh;
			shellScript = "\"${SRCROOT}/Pods/Target Support Files/Pods-TDMediaPicker_Example/Pods-TDMediaPicker_Example-resources.sh\"\n";
			showEnvVarsInLog = 0;
		};
/* End PBXShellScriptBuildPhase section */

/* Begin PBXSourcesBuildPhase section */
		607FACCC1AFB9204008FA782 /* Sources */ = {
			isa = PBXSourcesBuildPhase;
			buildActionMask = 2147483647;
			files = (
				CAED5EB91F5D3B3E007A25ED /* ThemeConfig.swift in Sources */,
				CAED5EBD1F5D3E48007A25ED /* Theme4.swift in Sources */,
				CAED5EB01F5D2F3C007A25ED /* ViewController+MediaPickerDataSource.swift in Sources */,
				CAED5EC31F5D3E5F007A25ED /* Theme7.swift in Sources */,
				CAED5EB51F5D374E007A25ED /* Theme1.swift in Sources */,
				607FACD81AFB9204008FA782 /* ViewController.swift in Sources */,
				CAED5EAE1F5D238B007A25ED /* ViewController+TableViewDelegate.swift in Sources */,
				CAED5EB71F5D3758007A25ED /* Theme2.swift in Sources */,
				607FACD61AFB9204008FA782 /* AppDelegate.swift in Sources */,
				CAED5EC11F5D3E58007A25ED /* Theme6.swift in Sources */,
				CAED5EB21F5D2F50007A25ED /* ViewController+MediaPickerDelegate.swift in Sources */,
				CAED5EAC1F5D20BE007A25ED /* ViewController+TableViewDatasource.swift in Sources */,
				CAED5EBB1F5D3E3A007A25ED /* Theme3.swift in Sources */,
				CAED5EBF1F5D3E50007A25ED /* Theme5.swift in Sources */,
			);
			runOnlyForDeploymentPostprocessing = 0;
		};
		607FACE11AFB9204008FA782 /* Sources */ = {
			isa = PBXSourcesBuildPhase;
			buildActionMask = 2147483647;
			files = (
				607FACEC1AFB9204008FA782 /* Tests.swift in Sources */,
			);
			runOnlyForDeploymentPostprocessing = 0;
		};
/* End PBXSourcesBuildPhase section */

/* Begin PBXTargetDependency section */
		607FACE71AFB9204008FA782 /* PBXTargetDependency */ = {
			isa = PBXTargetDependency;
			target = 607FACCF1AFB9204008FA782 /* TDMediaPicker_Example */;
			targetProxy = 607FACE61AFB9204008FA782 /* PBXContainerItemProxy */;
		};
/* End PBXTargetDependency section */

/* Begin PBXVariantGroup section */
		607FACD91AFB9204008FA782 /* Main.storyboard */ = {
			isa = PBXVariantGroup;
			children = (
				607FACDA1AFB9204008FA782 /* Base */,
			);
			name = Main.storyboard;
			sourceTree = "<group>";
		};
		607FACDE1AFB9204008FA782 /* LaunchScreen.xib */ = {
			isa = PBXVariantGroup;
			children = (
				607FACDF1AFB9204008FA782 /* Base */,
			);
			name = LaunchScreen.xib;
			sourceTree = "<group>";
		};
/* End PBXVariantGroup section */

/* Begin XCBuildConfiguration section */
		607FACED1AFB9204008FA782 /* Debug */ = {
			isa = XCBuildConfiguration;
			buildSettings = {
				ALWAYS_SEARCH_USER_PATHS = NO;
				CLANG_CXX_LANGUAGE_STANDARD = "gnu++0x";
				CLANG_CXX_LIBRARY = "libc++";
				CLANG_ENABLE_MODULES = YES;
				CLANG_ENABLE_OBJC_ARC = YES;
				CLANG_WARN_BOOL_CONVERSION = YES;
				CLANG_WARN_CONSTANT_CONVERSION = YES;
				CLANG_WARN_DIRECT_OBJC_ISA_USAGE = YES_ERROR;
				CLANG_WARN_EMPTY_BODY = YES;
				CLANG_WARN_ENUM_CONVERSION = YES;
				CLANG_WARN_INFINITE_RECURSION = YES;
				CLANG_WARN_INT_CONVERSION = YES;
				CLANG_WARN_OBJC_ROOT_CLASS = YES_ERROR;
				CLANG_WARN_SUSPICIOUS_MOVE = YES;
				CLANG_WARN_UNREACHABLE_CODE = YES;
				CLANG_WARN__DUPLICATE_METHOD_MATCH = YES;
				"CODE_SIGN_IDENTITY[sdk=iphoneos*]" = "iPhone Developer";
				COPY_PHASE_STRIP = NO;
				DEBUG_INFORMATION_FORMAT = "dwarf-with-dsym";
				ENABLE_STRICT_OBJC_MSGSEND = YES;
				ENABLE_TESTABILITY = YES;
				GCC_C_LANGUAGE_STANDARD = gnu99;
				GCC_DYNAMIC_NO_PIC = NO;
				GCC_NO_COMMON_BLOCKS = YES;
				GCC_OPTIMIZATION_LEVEL = 0;
				GCC_PREPROCESSOR_DEFINITIONS = (
					"DEBUG=1",
					"$(inherited)",
				);
				GCC_SYMBOLS_PRIVATE_EXTERN = NO;
				GCC_WARN_64_TO_32_BIT_CONVERSION = YES;
				GCC_WARN_ABOUT_RETURN_TYPE = YES_ERROR;
				GCC_WARN_UNDECLARED_SELECTOR = YES;
				GCC_WARN_UNINITIALIZED_AUTOS = YES_AGGRESSIVE;
				GCC_WARN_UNUSED_FUNCTION = YES;
				GCC_WARN_UNUSED_VARIABLE = YES;
				IPHONEOS_DEPLOYMENT_TARGET = 8.3;
				MTL_ENABLE_DEBUG_INFO = YES;
				ONLY_ACTIVE_ARCH = YES;
				SDKROOT = iphoneos;
				SWIFT_OPTIMIZATION_LEVEL = "-Onone";
			};
			name = Debug;
		};
		607FACEE1AFB9204008FA782 /* Release */ = {
			isa = XCBuildConfiguration;
			buildSettings = {
				ALWAYS_SEARCH_USER_PATHS = NO;
				CLANG_CXX_LANGUAGE_STANDARD = "gnu++0x";
				CLANG_CXX_LIBRARY = "libc++";
				CLANG_ENABLE_MODULES = YES;
				CLANG_ENABLE_OBJC_ARC = YES;
				CLANG_WARN_BOOL_CONVERSION = YES;
				CLANG_WARN_CONSTANT_CONVERSION = YES;
				CLANG_WARN_DIRECT_OBJC_ISA_USAGE = YES_ERROR;
				CLANG_WARN_EMPTY_BODY = YES;
				CLANG_WARN_ENUM_CONVERSION = YES;
				CLANG_WARN_INFINITE_RECURSION = YES;
				CLANG_WARN_INT_CONVERSION = YES;
				CLANG_WARN_OBJC_ROOT_CLASS = YES_ERROR;
				CLANG_WARN_SUSPICIOUS_MOVE = YES;
				CLANG_WARN_UNREACHABLE_CODE = YES;
				CLANG_WARN__DUPLICATE_METHOD_MATCH = YES;
				"CODE_SIGN_IDENTITY[sdk=iphoneos*]" = "iPhone Developer";
				COPY_PHASE_STRIP = NO;
				DEBUG_INFORMATION_FORMAT = "dwarf-with-dsym";
				ENABLE_NS_ASSERTIONS = NO;
				ENABLE_STRICT_OBJC_MSGSEND = YES;
				GCC_C_LANGUAGE_STANDARD = gnu99;
				GCC_NO_COMMON_BLOCKS = YES;
				GCC_WARN_64_TO_32_BIT_CONVERSION = YES;
				GCC_WARN_ABOUT_RETURN_TYPE = YES_ERROR;
				GCC_WARN_UNDECLARED_SELECTOR = YES;
				GCC_WARN_UNINITIALIZED_AUTOS = YES_AGGRESSIVE;
				GCC_WARN_UNUSED_FUNCTION = YES;
				GCC_WARN_UNUSED_VARIABLE = YES;
				IPHONEOS_DEPLOYMENT_TARGET = 8.3;
				MTL_ENABLE_DEBUG_INFO = NO;
				SDKROOT = iphoneos;
				SWIFT_OPTIMIZATION_LEVEL = "-Owholemodule";
				VALIDATE_PRODUCT = YES;
			};
			name = Release;
		};
		607FACF01AFB9204008FA782 /* Debug */ = {
			isa = XCBuildConfiguration;
			baseConfigurationReference = 205EE7E5F582DDCFFD5D37F7 /* Pods-TDMediaPicker_Example.debug.xcconfig */;
			buildSettings = {
				ASSETCATALOG_COMPILER_APPICON_NAME = AppIcon;
				"CODE_SIGN_IDENTITY[sdk=iphoneos*]" = "iPhone Developer";
				DEVELOPMENT_TEAM = 2Z4FV37775;
				EMBED_ASSET_PACKS_IN_PRODUCT_BUNDLE = NO;
				INFOPLIST_FILE = TDMediaPicker/Info.plist;
				IPHONEOS_DEPLOYMENT_TARGET = 10.0;
				LD_RUNPATH_SEARCH_PATHS = "$(inherited) @executable_path/Frameworks";
				MODULE_NAME = ExampleApp;
				PRODUCT_BUNDLE_IDENTIFIER = "org.cocoapods.demo.$(PRODUCT_NAME:rfc1034identifier)";
				PRODUCT_NAME = "$(TARGET_NAME)";
				PROVISIONING_PROFILE_SPECIFIER = "";
				SWIFT_VERSION = 3.0;
			};
			name = Debug;
		};
		607FACF11AFB9204008FA782 /* Release */ = {
			isa = XCBuildConfiguration;
			baseConfigurationReference = 6E369DA97C8AE7C5D4B6FCEC /* Pods-TDMediaPicker_Example.release.xcconfig */;
			buildSettings = {
				ASSETCATALOG_COMPILER_APPICON_NAME = AppIcon;
				"CODE_SIGN_IDENTITY[sdk=iphoneos*]" = "iPhone Developer";
				DEVELOPMENT_TEAM = 2Z4FV37775;
				EMBED_ASSET_PACKS_IN_PRODUCT_BUNDLE = NO;
				INFOPLIST_FILE = TDMediaPicker/Info.plist;
				IPHONEOS_DEPLOYMENT_TARGET = 10.0;
				LD_RUNPATH_SEARCH_PATHS = "$(inherited) @executable_path/Frameworks";
				MODULE_NAME = ExampleApp;
				PRODUCT_BUNDLE_IDENTIFIER = "org.cocoapods.demo.$(PRODUCT_NAME:rfc1034identifier)";
				PRODUCT_NAME = "$(TARGET_NAME)";
				PROVISIONING_PROFILE_SPECIFIER = "";
				SWIFT_VERSION = 3.0;
			};
			name = Release;
		};
		607FACF31AFB9204008FA782 /* Debug */ = {
			isa = XCBuildConfiguration;
			baseConfigurationReference = F9BDA805B17937E89504880D /* Pods-TDMediaPicker_Tests.debug.xcconfig */;
			buildSettings = {
				DEVELOPMENT_TEAM = 2Z4FV37775;
				FRAMEWORK_SEARCH_PATHS = (
					"$(SDKROOT)/Developer/Library/Frameworks",
					"$(inherited)",
				);
				GCC_PREPROCESSOR_DEFINITIONS = (
					"DEBUG=1",
					"$(inherited)",
				);
				INFOPLIST_FILE = Tests/Info.plist;
				LD_RUNPATH_SEARCH_PATHS = "$(inherited) @executable_path/Frameworks @loader_path/Frameworks";
				PRODUCT_BUNDLE_IDENTIFIER = "org.cocoapods.$(PRODUCT_NAME:rfc1034identifier)";
				PRODUCT_NAME = "$(TARGET_NAME)";
				SWIFT_VERSION = 3.0;
			};
			name = Debug;
		};
		607FACF41AFB9204008FA782 /* Release */ = {
			isa = XCBuildConfiguration;
			baseConfigurationReference = CB824E5911EBD6C1C26F19EF /* Pods-TDMediaPicker_Tests.release.xcconfig */;
			buildSettings = {
				DEVELOPMENT_TEAM = 2Z4FV37775;
				FRAMEWORK_SEARCH_PATHS = (
					"$(SDKROOT)/Developer/Library/Frameworks",
					"$(inherited)",
				);
				INFOPLIST_FILE = Tests/Info.plist;
				LD_RUNPATH_SEARCH_PATHS = "$(inherited) @executable_path/Frameworks @loader_path/Frameworks";
				PRODUCT_BUNDLE_IDENTIFIER = "org.cocoapods.$(PRODUCT_NAME:rfc1034identifier)";
				PRODUCT_NAME = "$(TARGET_NAME)";
				SWIFT_VERSION = 3.0;
			};
			name = Release;
		};
/* End XCBuildConfiguration section */

/* Begin XCConfigurationList section */
		607FACCB1AFB9204008FA782 /* Build configuration list for PBXProject "TDMediaPicker" */ = {
			isa = XCConfigurationList;
			buildConfigurations = (
				607FACED1AFB9204008FA782 /* Debug */,
				607FACEE1AFB9204008FA782 /* Release */,
			);
			defaultConfigurationIsVisible = 0;
			defaultConfigurationName = Release;
		};
		607FACEF1AFB9204008FA782 /* Build configuration list for PBXNativeTarget "TDMediaPicker_Example" */ = {
			isa = XCConfigurationList;
			buildConfigurations = (
				607FACF01AFB9204008FA782 /* Debug */,
				607FACF11AFB9204008FA782 /* Release */,
			);
			defaultConfigurationIsVisible = 0;
			defaultConfigurationName = Release;
		};
		607FACF21AFB9204008FA782 /* Build configuration list for PBXNativeTarget "TDMediaPicker_Tests" */ = {
			isa = XCConfigurationList;
			buildConfigurations = (
				607FACF31AFB9204008FA782 /* Debug */,
				607FACF41AFB9204008FA782 /* Release */,
			);
			defaultConfigurationIsVisible = 0;
			defaultConfigurationName = Release;
		};
/* End XCConfigurationList section */
	};
	rootObject = 607FACC81AFB9204008FA782 /* Project object */;
}
